
Microsoft Visual Studio Solution File, Format Version 12.00
# Visual Studio Version 17
VisualStudioVersion = 17.4.33103.184
MinimumVisualStudioVersion = 10.0.40219.1
Project("{9A19103F-16F7-4668-BE54-9A1E7A4F7556}") = "BlazorApp", "BlazorApp\BlazorApp.csproj", "{08BCB455-8A90-4BE1-ABBB-340ED165A871}"
EndProject
Project("{9A19103F-16F7-4668-BE54-9A1E7A4F7556}") = "ClassLib", "ClassLib\ClassLib.csproj", "{C43E5684-B833-41C7-BF92-83D39299F344}"
EndProject
Global
	GlobalSection(SolutionConfigurationPlatforms) = preSolution
		Debug|Any CPU = Debug|Any CPU
		Release|Any CPU = Release|Any CPU
	EndGlobalSection
	GlobalSection(ProjectConfigurationPlatforms) = postSolution
		{08BCB455-8A90-4BE1-ABBB-340ED165A871}.Debug|Any CPU.ActiveCfg = Debug|Any CPU
		{08BCB455-8A90-4BE1-ABBB-340ED165A871}.Debug|Any CPU.Build.0 = Debug|Any CPU
		{08BCB455-8A90-4BE1-ABBB-340ED165A871}.Release|Any CPU.ActiveCfg = Release|Any CPU
		{08BCB455-8A90-4BE1-ABBB-340ED165A871}.Release|Any CPU.Build.0 = Release|Any CPU
		{C43E5684-B833-41C7-BF92-83D39299F344}.Debug|Any CPU.ActiveCfg = Debug|Any CPU
		{C43E5684-B833-41C7-BF92-83D39299F344}.Debug|Any CPU.Build.0 = Debug|Any CPU
		{C43E5684-B833-41C7-BF92-83D39299F344}.Release|Any CPU.ActiveCfg = Release|Any CPU
		{C43E5684-B833-41C7-BF92-83D39299F344}.Release|Any CPU.Build.0 = Release|Any CPU
	EndGlobalSection
	GlobalSection(SolutionProperties) = preSolution
		HideSolutionNode = FALSE
	EndGlobalSection
	GlobalSection(ExtensibilityGlobals) = postSolution
		SolutionGuid = {57256F35-CA2C-4A3B-9551-0F597377C30C}
	EndGlobalSection
EndGlobal
